
Microsoft Visual Studio Solution File, Format Version 12.00
# Visual Studio Version 17
VisualStudioVersion = 17.7.34024.191
MinimumVisualStudioVersion = 10.0.40219.1
Project("{FAE04EC0-301F-11D3-BF4B-00C04F79EFBC}") = "MyMusicWebAPI", "MyMusicWebAPI\MyMusicWebAPI.csproj", "{81283DA9-64A3-419A-8EEE-67271D1F5848}"
EndProject
Global
	GlobalSection(SolutionConfigurationPlatforms) = preSolution
		Debug|Any CPU = Debug|Any CPU
		Release|Any CPU = Release|Any CPU
	EndGlobalSection
	GlobalSection(ProjectConfigurationPlatforms) = postSolution
		{81283DA9-64A3-419A-8EEE-67271D1F5848}.Debug|Any CPU.ActiveCfg = Debug|Any CPU
		{81283DA9-64A3-419A-8EEE-67271D1F5848}.Debug|Any CPU.Build.0 = Debug|Any CPU
		{81283DA9-64A3-419A-8EEE-67271D1F5848}.Release|Any CPU.ActiveCfg = Release|Any CPU
		{81283DA9-64A3-419A-8EEE-67271D1F5848}.Release|Any CPU.Build.0 = Release|Any CPU
	EndGlobalSection
	GlobalSection(SolutionProperties) = preSolution
		HideSolutionNode = FALSE
	EndGlobalSection
	GlobalSection(ExtensibilityGlobals) = postSolution
		SolutionGuid = {C7C83390-64AB-461B-9A8E-8EB3572393EF}
	EndGlobalSection
EndGlobal
